{
  "nodes": {
    "flake-utils": {
      "locked": {
        "lastModified": 1644229661,
        "narHash": "sha256-1YdnJAsNy69bpcjuoKdOYQX0YxZBiCYZo4Twxerqv7k=",
        "owner": "numtide",
        "repo": "flake-utils",
        "rev": "3cecb5b042f7f209c56ffd8371b2711a290ec797",
        "type": "github"
      },
      "original": {
        "owner": "numtide",
        "repo": "flake-utils",
        "type": "github"
      }
    },
    "go_1_18-darwin-aarch64": {
      "flake": false,
      "locked": {
        "narHash": "sha256-SzX0Az93akhsSPkhWtaCqDCnr+zkX7PQvLIuOeXkJm8=",
        "type": "tarball",
        "url": "https://go.dev/dl/go1.18.darwin-arm64.tar.gz"
      },
      "original": {
        "type": "tarball",
        "url": "https://go.dev/dl/go1.18.darwin-arm64.tar.gz"
      }
    },
    "nixpkgs": {
      "locked": {
        "lastModified": 1647418766,
        "narHash": "sha256-7ys4qJdwzSugWGM4O1RS5DHvfa3suLTpdw65uUFTp9k=",
        "owner": "NixOS",
        "repo": "nixpkgs",
        "rev": "e39ef87d051203b345e0445a87aa97c81afbf5b2",
        "type": "github"
      },
      "original": {
        "id": "nixpkgs",
        "type": "indirect"
      }
    },
    "root": {
      "inputs": {
        "flake-utils": "flake-utils",
        "go_1_18-darwin-aarch64": "go_1_18-darwin-aarch64",
        "nixpkgs": "nixpkgs"
      }
    }
  },
  "root": "root",
  "version": 7
}
